
Microsoft Visual Studio Solution File, Format Version 12.00
# Visual Studio Version 17
VisualStudioVersion = 17.9.34728.123
MinimumVisualStudioVersion = 10.0.40219.1
Project("{FAE04EC0-301F-11D3-BF4B-00C04F79EFBC}") = "Bryntum Calendar", "Bryntum Calendar.csproj", "{CB9A8C03-FF38-4C79-AF90-FC2B5A267F85}"
EndProject
Global
	GlobalSection(SolutionConfigurationPlatforms) = preSolution
		Debug|Any CPU = Debug|Any CPU
		Release|Any CPU = Release|Any CPU
	EndGlobalSection
	GlobalSection(ProjectConfigurationPlatforms) = postSolution
		{CB9A8C03-FF38-4C79-AF90-FC2B5A267F85}.Debug|Any CPU.ActiveCfg = Debug|Any CPU
		{CB9A8C03-FF38-4C79-AF90-FC2B5A267F85}.Debug|Any CPU.Build.0 = Debug|Any CPU
		{CB9A8C03-FF38-4C79-AF90-FC2B5A267F85}.Release|Any CPU.ActiveCfg = Release|Any CPU
		{CB9A8C03-FF38-4C79-AF90-FC2B5A267F85}.Release|Any CPU.Build.0 = Release|Any CPU
	EndGlobalSection
	GlobalSection(SolutionProperties) = preSolution
		HideSolutionNode = FALSE
	EndGlobalSection
	GlobalSection(ExtensibilityGlobals) = postSolution
		SolutionGuid = {1B62467A-D938-4C34-9BBB-5C679FDCB089}
	EndGlobalSection
EndGlobal
